version = 1
revision = 3
requires-python = "==3.11.*"

[[package]]
name = "bancos"
version = "0.1.0"
source = { virtual = "." }
dependencies = [
    { name = "blinker" },
    { name = "cachelib" },
    { name = "click" },
    { name = "colorama" },
    { name = "et-xmlfile" },
    { name = "flask" },
    { name = "flask-cache" },
    { name = "flask-caching" },
    { name = "flask-session" },
    { name = "gunicorn" },
    { name = "itsdangerous" },
    { name = "jinja2" },
    { name = "markupsafe" },
    { name = "numpy" },
    { name = "openpyxl" },
    { name = "packaging" },
    { name = "pandas" },
    { name = "python-dateutil" },
    { name = "pytz" },
    { name = "pyxlsb" },
    { name = "setuptools" },
    { name = "six" },
    { name = "tzdata" },
    { name = "werkzeug" },
    { name = "xlrd" },
]

[package.metadata]
requires-dist = [
    { name = "blinker", specifier = "==1.6.2" },
    { name = "cachelib", specifier = "==0.9.0" },
    { name = "click", specifier = "==8.1.3" },
    { name = "colorama", specifier = "==0.4.6" },
    { name = "et-xmlfile", specifier = "==1.1.0" },
    { name = "flask", specifier = "==2.3.2" },
    { name = "flask-cache", specifier = "==0.13.1" },
    { name = "flask-caching", specifier = "==2.0.2" },
    { name = "flask-session", specifier = "==0.5.0" },
    { name = "gunicorn", specifier = "==21.2.0" },
    { name = "itsdangerous", specifier = "==2.1.2" },
    { name = "jinja2", specifier = "==3.1.2" },
    { name = "markupsafe", specifier = "==2.1.2" },
    { name = "numpy", specifier = "==1.26.2" },
    { name = "openpyxl", specifier = "==3.1.2" },
    { name = "packaging", specifier = "==23.2" },
    { name = "pandas", specifier = "==2.1.4" },
    { name = "python-dateutil", specifier = "==2.8.2" },
    { name = "pytz", specifier = "==2023.3" },
    { name = "pyxlsb", specifier = "==1.0.10" },
    { name = "setuptools", specifier = "==65.5.0" },
    { name = "six", specifier = "==1.16.0" },
    { name = "tzdata", specifier = "==2023.3" },
    { name = "werkzeug", specifier = "==2.3.4" },
    { name = "xlrd", specifier = "==2.0.1" },
]

[[package]]
name = "blinker"
version = "1.6.2"
source = { registry = "https://pypi.org/simple" }
sdist = { url = "https://files.pythonhosted.org/packages/e8/f9/a05287f3d5c54d20f51a235ace01f50620984bc7ca5ceee781dc645211c5/blinker-1.6.2.tar.gz", hash = "sha256:4afd3de66ef3a9f8067559fb7a1cbe555c17dcbe15971b05d1b625c3e7abe213", size = 28699, upload-time = "2023-04-12T21:45:25.421Z" }
wheels = [
    { url = "https://files.pythonhosted.org/packages/0d/f1/5f39e771cd730d347539bb74c6d496737b9d5f0a53bc9fdbf3e170f1ee48/blinker-1.6.2-py3-none-any.whl", hash = "sha256:c3d739772abb7bc2860abf5f2ec284223d9ad5c76da018234f6f50d6f31ab1f0", size = 13665, upload-time = "2023-04-12T21:45:23.155Z" },
]

[[package]]
name = "cachelib"
version = "0.9.0"
source = { registry = "https://pypi.org/simple" }
sdist = { url = "https://files.pythonhosted.org/packages/79/f2/1c76df4d295789bbc836eea50b813d64f86e640c29fe8f0a3686e9c4e3e9/cachelib-0.9.0.tar.gz", hash = "sha256:38222cc7c1b79a23606de5c2607f4925779e37cdcea1c2ad21b8bae94b5425a5", size = 21007, upload-time = "2022-06-26T17:56:58.916Z" }
wheels = [
    { url = "https://files.pythonhosted.org/packages/93/70/58e525451478055b0fd2859b22226888a6985d404fe65e014fc4893d3b75/cachelib-0.9.0-py3-none-any.whl", hash = "sha256:811ceeb1209d2fe51cd2b62810bd1eccf70feba5c52641532498be5c675493b3", size = 15716, upload-time = "2022-06-26T17:56:57.055Z" },
]

[[package]]
name = "click"
version = "8.1.3"
source = { registry = "https://pypi.org/simple" }
dependencies = [
    { name = "colorama", marker = "sys_platform == 'win32'" },
]
sdist = { url = "https://files.pythonhosted.org/packages/59/87/84326af34517fca8c58418d148f2403df25303e02736832403587318e9e8/click-8.1.3.tar.gz", hash = "sha256:7682dc8afb30297001674575ea00d1814d808d6a36af415a82bd481d37ba7b8e", size = 331147, upload-time = "2022-04-28T17:36:09.097Z" }
wheels = [
    { url = "https://files.pythonhosted.org/packages/c2/f1/df59e28c642d583f7dacffb1e0965d0e00b218e0186d7858ac5233dce840/click-8.1.3-py3-none-any.whl", hash = "sha256:bb4d8133cb15a609f44e8213d9b391b0809795062913b383c62be0ee95b1db48", size = 96588, upload-time = "2022-04-28T17:36:06.952Z" },
]

[[package]]
name = "colorama"
version = "0.4.6"
source = { registry = "https://pypi.org/simple" }
sdist = { url = "https://files.pythonhosted.org/packages/d8/53/6f443c9a4a8358a93a6792e2acffb9d9d5cb0a5cfd8802644b7b1c9a02e4/colorama-0.4.6.tar.gz", hash = "sha256:08695f5cb7ed6e0531a20572697297273c47b8cae5a63ffc6d6ed5c201be6e44", size = 27697, upload-time = "2022-10-25T02:36:22.414Z" }
wheels = [
    { url = "https://files.pythonhosted.org/packages/d1/d6/3965ed04c63042e047cb6a3e6ed1a63a35087b6a609aa3a15ed8ac56c221/colorama-0.4.6-py2.py3-none-any.whl", hash = "sha256:4f1d9991f5acc0ca119f9d443620b77f9d6b33703e51011c16baf57afb285fc6", size = 25335, upload-time = "2022-10-25T02:36:20.889Z" },
]

[[package]]
name = "et-xmlfile"
version = "1.1.0"
source = { registry = "https://pypi.org/simple" }
sdist = { url = "https://files.pythonhosted.org/packages/3d/5d/0413a31d184a20c763ad741cc7852a659bf15094c24840c5bdd1754765cd/et_xmlfile-1.1.0.tar.gz", hash = "sha256:8eb9e2bc2f8c97e37a2dc85a09ecdcdec9d8a396530a6d5a33b30b9a92da0c5c", size = 3218, upload-time = "2021-04-26T13:26:05.068Z" }
wheels = [
    { url = "https://files.pythonhosted.org/packages/96/c2/3dd434b0108730014f1b96fd286040dc3bcb70066346f7e01ec2ac95865f/et_xmlfile-1.1.0-py3-none-any.whl", hash = "sha256:a2ba85d1d6a74ef63837eed693bcb89c3f752169b0e3e7ae5b16ca5e1b3deada", size = 4688, upload-time = "2021-04-26T13:26:03.429Z" },
]

[[package]]
name = "flask"
version = "2.3.2"
source = { registry = "https://pypi.org/simple" }
dependencies = [
    { name = "blinker" },
    { name = "click" },
    { name = "itsdangerous" },
    { name = "jinja2" },
    { name = "werkzeug" },
]
sdist = { url = "https://files.pythonhosted.org/packages/4d/00/ef81c18da32fdfcde6381c315f4b11597fb6691180a330418848efee0ae7/Flask-2.3.2.tar.gz", hash = "sha256:8c2f9abd47a9e8df7f0c3f091ce9497d011dc3b31effcf4c85a6e2b50f4114ef", size = 686251, upload-time = "2023-05-01T15:42:12.038Z" }
wheels = [
    { url = "https://files.pythonhosted.org/packages/fa/1a/f191d32818e5cd985bdd3f47a6e4f525e2db1ce5e8150045ca0c31813686/Flask-2.3.2-py3-none-any.whl", hash = "sha256:77fd4e1249d8c9923de34907236b747ced06e5467ecac1a7bb7115ae0e9670b0", size = 96867, upload-time = "2023-05-01T15:42:08.893Z" },
]

[[package]]
name = "flask-cache"
version = "0.13.1"
source = { registry = "https://pypi.org/simple" }
dependencies = [
    { name = "flask" },
]
sdist = { url = "https://files.pythonhosted.org/packages/91/c4/f71095437bd4b691c63f240e72a20c57e2c216085cbc271f79665885d3da/Flask-Cache-0.13.1.tar.gz", hash = "sha256:90126ca9bc063854ef8ee276e95d38b2b4ec8e45fd77d5751d37971ee27c7ef4", size = 45835, upload-time = "2014-04-21T13:54:25.247Z" }

[[package]]
name = "flask-caching"
version = "2.0.2"
source = { registry = "https://pypi.org/simple" }
dependencies = [
    { name = "cachelib" },
    { name = "flask" },
]
sdist = { url = "https://files.pythonhosted.org/packages/0c/7c/64cf01e0c2c89927b386c98a107b6e400dbc24f3ac60639e95032c367f81/Flask-Caching-2.0.2.tar.gz", hash = "sha256:24b60c552d59a9605cc1b6a42c56cdb39a82a28dab4532bbedb9222ae54ecb4e", size = 66617, upload-time = "2023-01-12T17:45:30.691Z" }
wheels = [
    { url = "https://files.pythonhosted.org/packages/fe/99/9fb5a680701b695e5e375d902586bea2704ad5517c8aa9c4225f13db131a/Flask_Caching-2.0.2-py3-none-any.whl", hash = "sha256:19571f2570e9b8dd9dd9d2f49d7cbee69c14ebe8cc001100b1eb98c379dd80ad", size = 28752, upload-time = "2023-01-12T17:45:29.155Z" },
]

[[package]]
name = "flask-session"
version = "0.5.0"
source = { registry = "https://pypi.org/simple" }
dependencies = [
    { name = "cachelib" },
    { name = "flask" },
]
sdist = { url = "https://files.pythonhosted.org/packages/19/bf/b8b3e20cf03d3938ef7e94970e43491a49386c65e07aca7e6a4e583be28f/Flask-Session-0.5.0.tar.gz", hash = "sha256:190875e6aebf2953c6803d42379ef3b934bc209ef8ef006f97aecb08f5aaeb86", size = 11319, upload-time = "2023-05-11T18:43:16.041Z" }
wheels = [
    { url = "https://files.pythonhosted.org/packages/3e/d4/b374183251054928ddb5e72f9a0d3d764d0f2af0638fbbdf205df26e55e3/flask_session-0.5.0-py3-none-any.whl", hash = "sha256:1619bcbc16f04f64e90f8e0b17145ba5c9700090bb1294e889956c1282d58631", size = 7182, upload-time = "2023-05-11T18:43:14.143Z" },
]

[[package]]
name = "gunicorn"
version = "21.2.0"
source = { registry = "https://pypi.org/simple" }
dependencies = [
    { name = "packaging" },
]
sdist = { url = "https://files.pythonhosted.org/packages/06/89/acd9879fa6a5309b4bf16a5a8855f1e58f26d38e0c18ede9b3a70996b021/gunicorn-21.2.0.tar.gz", hash = "sha256:88ec8bff1d634f98e61b9f65bc4bf3cd918a90806c6f5c48bc5603849ec81033", size = 3632557, upload-time = "2023-07-19T11:46:46.917Z" }
wheels = [
    { url = "https://files.pythonhosted.org/packages/0e/2a/c3a878eccb100ccddf45c50b6b8db8cf3301a6adede6e31d48e8531cab13/gunicorn-21.2.0-py3-none-any.whl", hash = "sha256:3213aa5e8c24949e792bcacfc176fef362e7aac80b76c56f6b5122bf350722f0", size = 80176, upload-time = "2023-07-19T11:46:44.51Z" },
]

[[package]]
name = "itsdangerous"
version = "2.1.2"
source = { registry = "https://pypi.org/simple" }
sdist = { url = "https://files.pythonhosted.org/packages/7f/a1/d3fb83e7a61fa0c0d3d08ad0a94ddbeff3731c05212617dff3a94e097f08/itsdangerous-2.1.2.tar.gz", hash = "sha256:5dbbc68b317e5e42f327f9021763545dc3fc3bfe22e6deb96aaf1fc38874156a", size = 56143, upload-time = "2022-03-24T15:12:15.102Z" }
wheels = [
    { url = "https://files.pythonhosted.org/packages/68/5f/447e04e828f47465eeab35b5d408b7ebaaaee207f48b7136c5a7267a30ae/itsdangerous-2.1.2-py3-none-any.whl", hash = "sha256:2c2349112351b88699d8d4b6b075022c0808887cb7ad10069318a8b0bc88db44", size = 15749, upload-time = "2022-03-24T15:12:13.2Z" },
]

[[package]]
name = "jinja2"
version = "3.1.2"
source = { registry = "https://pypi.org/simple" }
dependencies = [
    { name = "markupsafe" },
]
sdist = { url = "https://files.pythonhosted.org/packages/7a/ff/75c28576a1d900e87eb6335b063fab47a8ef3c8b4d88524c4bf78f670cce/Jinja2-3.1.2.tar.gz", hash = "sha256:31351a702a408a9e7595a8fc6150fc3f43bb6bf7e319770cbc0db9df9437e852", size = 268239, upload-time = "2022-04-28T17:21:27.579Z" }
wheels = [
    { url = "https://files.pythonhosted.org/packages/bc/c3/f068337a370801f372f2f8f6bad74a5c140f6fda3d9de154052708dd3c65/Jinja2-3.1.2-py3-none-any.whl", hash = "sha256:6088930bfe239f0e6710546ab9c19c9ef35e29792895fed6e6e31a023a182a61", size = 133101, upload-time = "2022-04-28T17:21:25.336Z" },
]

[[package]]
name = "markupsafe"
version = "2.1.2"
source = { registry = "https://pypi.org/simple" }
sdist = { url = "https://files.pythonhosted.org/packages/95/7e/68018b70268fb4a2a605e2be44ab7b4dd7ce7808adae6c5ef32e34f4b55a/MarkupSafe-2.1.2.tar.gz", hash = "sha256:abcabc8c2b26036d62d4c746381a6f7cf60aafcc653198ad678306986b09450d", size = 19080, upload-time = "2023-01-17T18:23:59.903Z" }
wheels = [
    { url = "https://files.pythonhosted.org/packages/e3/a9/e366665c7eae59c9c9d34b747cd5a3994847719a2304e0c8dec8b604dd98/MarkupSafe-2.1.2-cp311-cp311-macosx_10_9_universal2.whl", hash = "sha256:2ec4f2d48ae59bbb9d1f9d7efb9236ab81429a764dedca114f5fdabbc3788013", size = 17765, upload-time = "2023-01-17T18:23:07.602Z" },
    { url = "https://files.pythonhosted.org/packages/e6/ff/d2378ca3cb3ac4a37af767b820b0f0bf3f5e9193a6acce0eefc379425c1c/MarkupSafe-2.1.2-cp311-cp311-macosx_10_9_x86_64.whl", hash = "sha256:608e7073dfa9e38a85d38474c082d4281f4ce276ac0010224eaba11e929dd53a", size = 13638, upload-time = "2023-01-17T18:23:08.732Z" },
    { url = "https://files.pythonhosted.org/packages/0a/88/78cb3d95afebd183d8b04442685ab4c70cfc1138b850ba20e2a07aff2f53/MarkupSafe-2.1.2-cp311-cp311-manylinux_2_17_aarch64.manylinux2014_aarch64.whl", hash = "sha256:65608c35bfb8a76763f37036547f7adfd09270fbdbf96608be2bead319728fcd", size = 28791, upload-time = "2023-01-17T18:23:09.856Z" },
    { url = "https://files.pythonhosted.org/packages/5a/94/d056bf5dbadf7f4b193ee2a132b3d49ffa1602371e3847518b2982045425/MarkupSafe-2.1.2-cp311-cp311-manylinux_2_17_x86_64.manylinux2014_x86_64.whl", hash = "sha256:f2bfb563d0211ce16b63c7cb9395d2c682a23187f54c3d79bfec33e6705473c6", size = 27993, upload-time = "2023-01-17T18:23:11.064Z" },
    { url = "https://files.pythonhosted.org/packages/79/e2/b818bf277fa6b01244943498cb2127372c01dde5eff7682837cc72740618/MarkupSafe-2.1.2-cp311-cp311-manylinux_2_5_i686.manylinux1_i686.manylinux_2_17_i686.manylinux2014_i686.whl", hash = "sha256:da25303d91526aac3672ee6d49a2f3db2d9502a4a60b55519feb1a4c7714e07d", size = 27531, upload-time = "2023-01-17T18:23:12.161Z" },
    { url = "https://files.pythonhosted.org/packages/cf/c1/d7596976a868fe3487212a382cc121358a53dc8e8d85ff2ee2c3d3b40f04/MarkupSafe-2.1.2-cp311-cp311-musllinux_1_1_aarch64.whl", hash = "sha256:9cad97ab29dfc3f0249b483412c85c8ef4766d96cdf9dcf5a1e3caa3f3661cf1", size = 33766, upload-time = "2023-01-17T18:23:13.901Z" },
    { url = "https://files.pythonhosted.org/packages/04/cf/9464c3c41b7cdb8df660cda75676697e7fb49ce1be7691a1162fc88da078/MarkupSafe-2.1.2-cp311-cp311-musllinux_1_1_i686.whl", hash = "sha256:085fd3201e7b12809f9e6e9bc1e5c96a368c8523fad5afb02afe3c051ae4afcc", size = 32493, upload-time = "2023-01-17T18:23:15.11Z" },
    { url = "https://files.pythonhosted.org/packages/1f/20/76f6337f1e7238a626ab34405ddd634636011b2ff947dcbd8995f16a7776/MarkupSafe-2.1.2-cp311-cp311-musllinux_1_1_x86_64.whl", hash = "sha256:1bea30e9bf331f3fef67e0a3877b2288593c98a21ccb2cf29b74c581a4eb3af0", size = 33089, upload-time = "2023-01-17T18:23:16.254Z" },
    { url = "https://files.pythonhosted.org/packages/19/00/3b8eb0093c885576a1ce7f2263e7b8c01e55b9977433f8246f57cd81b0be/MarkupSafe-2.1.2-cp311-cp311-win32.whl", hash = "sha256:7df70907e00c970c60b9ef2938d894a9381f38e6b9db73c5be35e59d92e06625", size = 16438, upload-time = "2023-01-17T18:23:17.719Z" },
    { url = "https://files.pythonhosted.org/packages/ea/60/2400ba59cf2465fa136487ee7299f52121a9d04b2cf8539ad43ad10e70e8/MarkupSafe-2.1.2-cp311-cp311-win_amd64.whl", hash = "sha256:e55e40ff0cc8cc5c07996915ad367fa47da6b3fc091fdadca7f5403239c5fec3", size = 16989, upload-time = "2023-01-17T18:23:19.32Z" },
]

[[package]]
name = "numpy"
version = "1.26.2"
source = { registry = "https://pypi.org/simple" }
sdist = { url = "https://files.pythonhosted.org/packages/dd/2b/205ddff2314d4eea852e31d53b8e55eb3f32b292efc3dd86bd827ab9019d/numpy-1.26.2.tar.gz", hash = "sha256:f65738447676ab5777f11e6bbbdb8ce11b785e105f690bc45966574816b6d3ea", size = 15664248, upload-time = "2023-11-12T23:17:31.386Z" }
wheels = [
    { url = "https://files.pythonhosted.org/packages/51/3b/2ba379bf754f13041e3d8b994394e78c69cdb9d1e5dd1dba9404b24afbdf/numpy-1.26.2-cp311-cp311-macosx_10_9_x86_64.whl", hash = "sha256:b96e7b9c624ef3ae2ae0e04fa9b460f6b9f17ad8b4bec6d7756510f1f6c0c841", size = 20617415, upload-time = "2023-11-12T22:57:29.251Z" },
    { url = "https://files.pythonhosted.org/packages/2e/54/218ce51bb571a70975f223671b2a86aa951e83abfd2a416a3d540f35115c/numpy-1.26.2-cp311-cp311-macosx_11_0_arm64.whl", hash = "sha256:aa18428111fb9a591d7a9cc1b48150097ba6a7e8299fb56bdf574df650e7d1f1", size = 13987881, upload-time = "2023-11-12T22:57:58.522Z" },
    { url = "https://files.pythonhosted.org/packages/f1/97/51eb4aa087e95138477e2140b17cd795fb379b1669432413dfad68f535c1/numpy-1.26.2-cp311-cp311-manylinux_2_17_aarch64.manylinux2014_aarch64.whl", hash = "sha256:06fa1ed84aa60ea6ef9f91ba57b5ed963c3729534e6e54055fc151fad0423f0a", size = 14216395, upload-time = "2023-11-12T22:58:26.86Z" },
    { url = "https://files.pythonhosted.org/packages/b6/ab/5b893944b1602a366893559bfb227fdfb3ad7c7629b2a80d039bb5924367/numpy-1.26.2-cp311-cp311-manylinux_2_17_x86_64.manylinux2014_x86_64.whl", hash = "sha256:96ca5482c3dbdd051bcd1fce8034603d6ebfc125a7bd59f55b40d8f5d246832b", size = 18238922, upload-time = "2023-11-12T22:59:13.134Z" },
    { url = "https://files.pythonhosted.org/packages/81/65/abb5808f13e96145b691bfe75cd8c4b7a94a6acfc5db0e8111ea17015675/numpy-1.26.2-cp311-cp311-musllinux_1_1_aarch64.whl", hash = "sha256:854ab91a2906ef29dc3925a064fcd365c7b4da743f84b123002f6139bcb3f8a7", size = 13875653, upload-time = "2023-11-12T22:59:43.412Z" },
    { url = "https://files.pythonhosted.org/packages/21/17/f9ab7b9f3b46c7d6b024d129259fd5d276aed9047e424537c48ca2e43339/numpy-1.26.2-cp311-cp311-musllinux_1_1_x86_64.whl", hash = "sha256:f43740ab089277d403aa07567be138fc2a89d4d9892d113b76153e0e412409f8", size = 18079981, upload-time = "2023-11-12T23:00:18.926Z" },
    { url = "https://files.pythonhosted.org/packages/ac/6b/ea1405e449059f1e2be85f55d025598c11375c8d64cdf763506b22c244ab/numpy-1.26.2-cp311-cp311-win32.whl", hash = "sha256:a2bbc29fcb1771cd7b7425f98b05307776a6baf43035d3b80c4b0f29e9545186", size = 20755674, upload-time = "2023-11-12T23:01:17.569Z" },
    { url = "https://files.pythonhosted.org/packages/da/3c/3ff05c2855eee52588f489a4e607e4a61699a0742aa03ccf641c77f9eb0a/numpy-1.26.2-cp311-cp311-win_amd64.whl", hash = "sha256:2b3fca8a5b00184828d12b073af4d0fc5fdd94b1632c2477526f6bd7842d700d", size = 15798609, upload-time = "2023-11-12T23:01:58.827Z" },
]

[[package]]
name = "openpyxl"
version = "3.1.2"
source = { registry = "https://pypi.org/simple" }
dependencies = [
    { name = "et-xmlfile" },
]
sdist = { url = "https://files.pythonhosted.org/packages/42/e8/af028681d493814ca9c2ff8106fc62a4a32e4e0ae14602c2a98fc7b741c8/openpyxl-3.1.2.tar.gz", hash = "sha256:a6f5977418eff3b2d5500d54d9db50c8277a368436f4e4f8ddb1be3422870184", size = 185977, upload-time = "2023-03-11T16:58:38.78Z" }
wheels = [
    { url = "https://files.pythonhosted.org/packages/6a/94/a59521de836ef0da54aaf50da6c4da8fb4072fb3053fa71f052fd9399e7a/openpyxl-3.1.2-py2.py3-none-any.whl", hash = "sha256:f91456ead12ab3c6c2e9491cf33ba6d08357d802192379bb482f1033ade496f5", size = 249985, upload-time = "2023-03-11T16:58:36.257Z" },
]

[[package]]
name = "packaging"
version = "23.2"
source = { registry = "https://pypi.org/simple" }
sdist = { url = "https://files.pythonhosted.org/packages/fb/2b/9b9c33ffed44ee921d0967086d653047286054117d584f1b1a7c22ceaf7b/packaging-23.2.tar.gz", hash = "sha256:048fb0e9405036518eaaf48a55953c750c11e1a1b68e0dd1a9d62ed0c092cfc5", size = 146714, upload-time = "2023-10-01T13:50:05.279Z" }
wheels = [
    { url = "https://files.pythonhosted.org/packages/ec/1a/610693ac4ee14fcdf2d9bf3c493370e4f2ef7ae2e19217d7a237ff42367d/packaging-23.2-py3-none-any.whl", hash = "sha256:8c491190033a9af7e1d931d0b5dacc2ef47509b34dd0de67ed209b5203fc88c7", size = 53011, upload-time = "2023-10-01T13:50:03.745Z" },
]

[[package]]
name = "pandas"
version = "2.1.4"
source = { registry = "https://pypi.org/simple" }
dependencies = [
    { name = "numpy" },
    { name = "python-dateutil" },
    { name = "pytz" },
    { name = "tzdata" },
]
sdist = { url = "https://files.pythonhosted.org/packages/6f/41/eb562668eaf93790762f600536b28c97b45803cba9253cd8e436cda96aef/pandas-2.1.4.tar.gz", hash = "sha256:fcb68203c833cc735321512e13861358079a96c174a61f5116a1de89c58c0ef7", size = 4274800, upload-time = "2023-12-08T15:38:29.713Z" }
wheels = [
    { url = "https://files.pythonhosted.org/packages/6e/48/892f8835774dd5a84fff3e890f31d1da3dfba2ee1571ac739589b14af66d/pandas-2.1.4-cp311-cp311-macosx_10_9_x86_64.whl", hash = "sha256:b7d852d16c270e4331f6f59b3e9aa23f935f5c4b0ed2d0bc77637a8890a5d092", size = 11621200, upload-time = "2023-12-08T15:37:25.564Z" },
    { url = "https://files.pythonhosted.org/packages/3e/89/cbca600319463a91ae6a46e537d548900ddf2114df66c902344c4fe6bb4c/pandas-2.1.4-cp311-cp311-macosx_11_0_arm64.whl", hash = "sha256:bd7d5f2f54f78164b3d7a40f33bf79a74cdee72c31affec86bfcabe7e0789821", size = 10780136, upload-time = "2023-12-08T15:37:29.278Z" },
    { url = "https://files.pythonhosted.org/packages/12/3c/f21ca75cc511c606b8b4de2a03927f7c181ac70aa3eb8d563a93a54b1563/pandas-2.1.4-cp311-cp311-manylinux_2_17_aarch64.manylinux2014_aarch64.whl", hash = "sha256:0aa6e92e639da0d6e2017d9ccff563222f4eb31e4b2c3cf32a2a392fc3103c0d", size = 14822123, upload-time = "2023-12-08T15:37:33.952Z" },
    { url = "https://files.pythonhosted.org/packages/f8/8c/9ad173c5cd2c7178c84075c02ec37b5d1d53fb1d015f51ea3e623ea9c31c/pandas-2.1.4-cp311-cp311-manylinux_2_17_x86_64.manylinux2014_x86_64.whl", hash = "sha256:d797591b6846b9db79e65dc2d0d48e61f7db8d10b2a9480b4e3faaddc421a171", size = 12234407, upload-time = "2023-12-08T15:37:37.818Z" },
    { url = "https://files.pythonhosted.org/packages/ff/e9/4950bc4502c187df621c0a48f7d10bd61ae41663ce97bc489b5d94cc02c6/pandas-2.1.4-cp311-cp311-musllinux_1_1_x86_64.whl", hash = "sha256:d2d3e7b00f703aea3945995ee63375c61b2e6aa5aa7871c5d622870e5e137623", size = 13067655, upload-time = "2023-12-08T15:37:41.443Z" },
    { url = "https://files.pythonhosted.org/packages/11/17/fb1a34f3e73debbc2fd15a01ea17eaab3717943d08463ff4979a4f024b3f/pandas-2.1.4-cp311-cp311-win_amd64.whl", hash = "sha256:dc9bf7ade01143cddc0074aa6995edd05323974e6e40d9dbde081021ded8510e", size = 10614628, upload-time = "2023-12-08T15:37:45.071Z" },
]

[[package]]
name = "python-dateutil"
version = "2.8.2"
source = { registry = "https://pypi.org/simple" }
dependencies = [
    { name = "six" },
]
sdist = { url = "https://files.pythonhosted.org/packages/4c/c4/13b4776ea2d76c115c1d1b84579f3764ee6d57204f6be27119f13a61d0a9/python-dateutil-2.8.2.tar.gz", hash = "sha256:0123cacc1627ae19ddf3c27a5de5bd67ee4586fbdd6440d9748f8abb483d3e86", size = 357324, upload-time = "2021-07-14T08:19:19.783Z" }
wheels = [
    { url = "https://files.pythonhosted.org/packages/36/7a/87837f39d0296e723bb9b62bbb257d0355c7f6128853c78955f57342a56d/python_dateutil-2.8.2-py2.py3-none-any.whl", hash = "sha256:961d03dc3453ebbc59dbdea9e4e11c5651520a876d0f4db161e8674aae935da9", size = 247702, upload-time = "2021-07-14T08:19:18.161Z" },
]

[[package]]
name = "pytz"
version = "2023.3"
source = { registry = "https://pypi.org/simple" }
sdist = { url = "https://files.pythonhosted.org/packages/5e/32/12032aa8c673ee16707a9b6cdda2b09c0089131f35af55d443b6a9c69c1d/pytz-2023.3.tar.gz", hash = "sha256:1d8ce29db189191fb55338ee6d0387d82ab59f3d00eac103412d64e0ebd0c588", size = 317095, upload-time = "2023-03-29T04:23:28.655Z" }
wheels = [
    { url = "https://files.pythonhosted.org/packages/7f/99/ad6bd37e748257dd70d6f85d916cafe79c0b0f5e2e95b11f7fbc82bf3110/pytz-2023.3-py2.py3-none-any.whl", hash = "sha256:a151b3abb88eda1d4e34a9814df37de2a80e301e68ba0fd856fb9b46bfbbbffb", size = 502345, upload-time = "2023-03-29T04:23:25.307Z" },
]

[[package]]
name = "pyxlsb"
version = "1.0.10"
source = { registry = "https://pypi.org/simple" }
sdist = { url = "https://files.pythonhosted.org/packages/3f/13/eebaeb7a40b062d1c6f7f91d09e73d30a69e33e4baa7cbe4b7658548b1cd/pyxlsb-1.0.10.tar.gz", hash = "sha256:8062d1ea8626d3f1980e8b1cfe91a4483747449242ecb61013bc2df85435f685", size = 22424, upload-time = "2022-10-14T19:17:47.308Z" }
wheels = [
    { url = "https://files.pythonhosted.org/packages/7e/92/345823838ae367c59b63e03aef9c331f485370f9df6d049256a61a28f06d/pyxlsb-1.0.10-py2.py3-none-any.whl", hash = "sha256:87c122a9a622e35ca5e741d2e541201d28af00fb46bec492cfa9586890b120b4", size = 23849, upload-time = "2022-10-14T19:17:46.079Z" },
]

[[package]]
name = "setuptools"
version = "65.5.0"
source = { registry = "https://pypi.org/simple" }
sdist = { url = "https://files.pythonhosted.org/packages/c5/41/247814d8b7a044717164c74080725a6c8f3d2b5fc82b34bd825b617df663/setuptools-65.5.0.tar.gz", hash = "sha256:512e5536220e38146176efb833d4a62aa726b7bbff82cfbc8ba9eaa3996e0b17", size = 2616463, upload-time = "2022-10-14T12:35:23.314Z" }
wheels = [
    { url = "https://files.pythonhosted.org/packages/41/82/7f54bbfe5c247a8c9f78d8d1d7c051847bcb78843c397b866dba335c1e88/setuptools-65.5.0-py3-none-any.whl", hash = "sha256:f62ea9da9ed6289bfe868cd6845968a2c854d1427f8548d52cae02a42b4f0356", size = 1232695, upload-time = "2022-10-14T12:35:21.095Z" },
]

[[package]]
name = "six"
version = "1.16.0"
source = { registry = "https://pypi.org/simple" }
sdist = { url = "https://files.pythonhosted.org/packages/71/39/171f1c67cd00715f190ba0b100d606d440a28c93c7714febeca8b79af85e/six-1.16.0.tar.gz", hash = "sha256:1e61c37477a1626458e36f7b1d82aa5c9b094fa4802892072e49de9c60c4c926", size = 34041, upload-time = "2021-05-05T14:18:18.379Z" }
wheels = [
    { url = "https://files.pythonhosted.org/packages/d9/5a/e7c31adbe875f2abbb91bd84cf2dc52d792b5a01506781dbcf25c91daf11/six-1.16.0-py2.py3-none-any.whl", hash = "sha256:8abb2f1d86890a2dfb989f9a77cfcfd3e47c2a354b01111771326f8aa26e0254", size = 11053, upload-time = "2021-05-05T14:18:17.237Z" },
]

[[package]]
name = "tzdata"
version = "2023.3"
source = { registry = "https://pypi.org/simple" }
sdist = { url = "https://files.pythonhosted.org/packages/70/e5/81f99b9fced59624562ab62a33df639a11b26c582be78864b339dafa420d/tzdata-2023.3.tar.gz", hash = "sha256:11ef1e08e54acb0d4f95bdb1be05da659673de4acbd21bf9c69e94cc5e907a3a", size = 187483, upload-time = "2023-03-29T01:41:04.086Z" }
wheels = [
    { url = "https://files.pythonhosted.org/packages/d5/fb/a79efcab32b8a1f1ddca7f35109a50e4a80d42ac1c9187ab46522b2407d7/tzdata-2023.3-py2.py3-none-any.whl", hash = "sha256:7e65763eef3120314099b6939b5546db7adce1e7d6f2e179e3df563c70511eda", size = 341835, upload-time = "2023-03-29T01:41:02.776Z" },
]

[[package]]
name = "werkzeug"
version = "2.3.4"
source = { registry = "https://pypi.org/simple" }
dependencies = [
    { name = "markupsafe" },
]
sdist = { url = "https://files.pythonhosted.org/packages/2d/bf/5a00bb4a70028f7c6000bc9394492154fa9ae3f5226187e3ddcd0aa5eca1/Werkzeug-2.3.4.tar.gz", hash = "sha256:1d5a58e0377d1fe39d061a5de4469e414e78ccb1e1e59c0f5ad6fa1c36c52b76", size = 832442, upload-time = "2023-05-08T20:11:42.196Z" }
wheels = [
    { url = "https://files.pythonhosted.org/packages/c2/2f/f0dc628295bd23571c962d5a349307d9c8796a05bfca6571659eaded38e2/Werkzeug-2.3.4-py3-none-any.whl", hash = "sha256:48e5e61472fee0ddee27ebad085614ebedb7af41e88f687aaf881afb723a162f", size = 242454, upload-time = "2023-05-08T20:11:38.812Z" },
]

[[package]]
name = "xlrd"
version = "2.0.1"
source = { registry = "https://pypi.org/simple" }
sdist = { url = "https://files.pythonhosted.org/packages/a6/b3/19a2540d21dea5f908304375bd43f5ed7a4c28a370dc9122c565423e6b44/xlrd-2.0.1.tar.gz", hash = "sha256:f72f148f54442c6b056bf931dbc34f986fd0c3b0b6b5a58d013c9aef274d0c88", size = 100259, upload-time = "2020-12-11T10:14:22.201Z" }
wheels = [
    { url = "https://files.pythonhosted.org/packages/a6/0c/c2a72d51fe56e08a08acc85d13013558a2d793028ae7385448a6ccdfae64/xlrd-2.0.1-py2.py3-none-any.whl", hash = "sha256:6a33ee89877bd9abc1158129f6e94be74e2679636b8a205b43b85206c3f0bbdd", size = 96531, upload-time = "2020-12-11T10:14:20.877Z" },
]
